<Solution>
  <Folder Name="/docs/">
    <File Path="docs/PUXdesign - cvicny ukol - backend.pdf" />
    <File Path="docs/PuxDesignFileWatcher.txt" />
  </Folder>
  <Folder Name="/Solution Items/">
    <File Path="Directory.Build.props" />
    <File Path="Directory.Packages.props" />
	<File Path="README.md" />
  </Folder>
  <Folder Name="/src/">
    <Project Path="src/PuxDesignFileWatcher.Api/PuxDesignFileWatcher.Api.csproj" />
    <Project Path="src/PuxDesignFileWatcher.Application/PuxDesignFileWatcher.Application.csproj" />
    <Project Path="src/PuxDesignFileWatcher.Domain/PuxDesignFileWatcher.Domain.csproj" />
    <Project Path="src/PuxDesignFileWatcher.Infrastructure/PuxDesignFileWatcher.Infrastructure.csproj" />
    <Project Path="src/PuxDesignFileWatcher.Web/PuxDesignFileWatcher.Web.csproj" />
  </Folder>
  <Folder Name="/tests/">
    <Project Path="tests/PuxDesignFileWatcher.IntegrationTests/PuxDesignFileWatcher.IntegrationTests.csproj" />
    <Project Path="tests/PuxDesignFileWatcher.UnitTests/PuxDesignFileWatcher.UnitTests.csproj" />
  </Folder>
</Solution>
